
Microsoft Visual Studio Solution File, Format Version 12.00
# Visual Studio Version 17
VisualStudioVersion = 17.2.32630.192
MinimumVisualStudioVersion = 10.0.40219.1
Project("{9A19103F-16F7-4668-BE54-9A1E7A4F7556}") = "RateIO", "RateIO.csproj", "{FA46F754-ECE9-45FF-96DC-9D68D16AB5C6}"
EndProject
Global
	GlobalSection(SolutionConfigurationPlatforms) = preSolution
		Debug|Any CPU = Debug|Any CPU
		Release|Any CPU = Release|Any CPU
	EndGlobalSection
	GlobalSection(ProjectConfigurationPlatforms) = postSolution
		{FA46F754-ECE9-45FF-96DC-9D68D16AB5C6}.Debug|Any CPU.ActiveCfg = Debug|Any CPU
		{FA46F754-ECE9-45FF-96DC-9D68D16AB5C6}.Debug|Any CPU.Build.0 = Debug|Any CPU
		{FA46F754-ECE9-45FF-96DC-9D68D16AB5C6}.Release|Any CPU.ActiveCfg = Release|Any CPU
		{FA46F754-ECE9-45FF-96DC-9D68D16AB5C6}.Release|Any CPU.Build.0 = Release|Any CPU
	EndGlobalSection
	GlobalSection(SolutionProperties) = preSolution
		HideSolutionNode = FALSE
	EndGlobalSection
	GlobalSection(ExtensibilityGlobals) = postSolution
		SolutionGuid = {6255992E-C34B-4F82-A391-A11758505498}
	EndGlobalSection
EndGlobal
